// !$*UTF8*$!
{
	archiveVersion = 1;
	classes = {
	};
	objectVersion = 46;
	objects = {

/* Begin PBXBuildFile section */
		D9C15BFA1B81B19F001A5789 /* logging_mosq.c in Sources */ = {isa = PBXBuildFile; fileRef = D9C15BD51B81B19F001A5789 /* logging_mosq.c */; };
		D9C15BFB1B81B19F001A5789 /* memory_mosq.c in Sources */ = {isa = PBXBuildFile; fileRef = D9C15BD71B81B19F001A5789 /* memory_mosq.c */; };
		D9C15BFC1B81B19F001A5789 /* messages_mosq.c in Sources */ = {isa = PBXBuildFile; fileRef = D9C15BD91B81B19F001A5789 /* messages_mosq.c */; };
		D9C15BFE1B81B19F001A5789 /* mosquitto.c in Sources */ = {isa = PBXBuildFile; fileRef = D9C15BDE1B81B19F001A5789 /* mosquitto.c */; };
		D9C15BFF1B81B19F001A5789 /* net_mosq.c in Sources */ = {isa = PBXBuildFile; fileRef = D9C15BE21B81B19F001A5789 /* net_mosq.c */; };
		D9C15C001B81B19F001A5789 /* read_handle.c in Sources */ = {isa = PBXBuildFile; fileRef = D9C15BE41B81B19F001A5789 /* read_handle.c */; };
		D9C15C011B81B19F001A5789 /* read_handle_client.c in Sources */ = {isa = PBXBuildFile; fileRef = D9C15BE61B81B19F001A5789 /* read_handle_client.c */; };
		D9C15C021B81B19F001A5789 /* read_handle_shared.c in Sources */ = {isa = PBXBuildFile; fileRef = D9C15BE71B81B19F001A5789 /* read_handle_shared.c */; };
		D9C15C031B81B19F001A5789 /* send_client_mosq.c in Sources */ = {isa = PBXBuildFile; fileRef = D9C15BE81B81B19F001A5789 /* send_client_mosq.c */; };
		D9C15C041B81B19F001A5789 /* send_mosq.c in Sources */ = {isa = PBXBuildFile; fileRef = D9C15BE91B81B19F001A5789 /* send_mosq.c */; };
		D9C15C051B81B19F001A5789 /* thread_mosq.c in Sources */ = {isa = PBXBuildFile; fileRef = D9C15BEB1B81B19F001A5789 /* thread_mosq.c */; };
		D9C15C061B81B19F001A5789 /* time_mosq.c in Sources */ = {isa = PBXBuildFile; fileRef = D9C15BEC1B81B19F001A5789 /* time_mosq.c */; };
		D9C15C071B81B19F001A5789 /* tls_mosq.c in Sources */ = {isa = PBXBuildFile; fileRef = D9C15BEE1B81B19F001A5789 /* tls_mosq.c */; };
		D9C15C081B81B19F001A5789 /* util_mosq.c in Sources */ = {isa = PBXBuildFile; fileRef = D9C15BF01B81B19F001A5789 /* util_mosq.c */; };
		D9C15C091B81B19F001A5789 /* will_mosq.c in Sources */ = {isa = PBXBuildFile; fileRef = D9C15BF21B81B19F001A5789 /* will_mosq.c */; };
		D9C15C0A1B81B19F001A5789 /* MICO_MQTT_API.m in Sources */ = {isa = PBXBuildFile; fileRef = D9C15BF61B81B19F001A5789 /* MICO_MQTT_API.m */; };
		D9C15C0B1B81B19F001A5789 /* MQTTKit.m in Sources */ = {isa = PBXBuildFile; fileRef = D9C15BF91B81B19F001A5789 /* MQTTKit.m */; };
		D9C62BC41B80670400040A39 /* main.m in Sources */ = {isa = PBXBuildFile; fileRef = D9C62BC31B80670400040A39 /* main.m */; };
		D9C62BC71B80670400040A39 /* AppDelegate.m in Sources */ = {isa = PBXBuildFile; fileRef = D9C62BC61B80670400040A39 /* AppDelegate.m */; };
		D9C62BCA1B80670400040A39 /* ViewController.m in Sources */ = {isa = PBXBuildFile; fileRef = D9C62BC91B80670400040A39 /* ViewController.m */; };
		D9C62BCD1B80670400040A39 /* Main.storyboard in Resources */ = {isa = PBXBuildFile; fileRef = D9C62BCB1B80670400040A39 /* Main.storyboard */; };
		D9C62BCF1B80670400040A39 /* Images.xcassets in Resources */ = {isa = PBXBuildFile; fileRef = D9C62BCE1B80670400040A39 /* Images.xcassets */; };
		D9C62BD21B80670400040A39 /* LaunchScreen.xib in Resources */ = {isa = PBXBuildFile; fileRef = D9C62BD01B80670400040A39 /* LaunchScreen.xib */; };
		D9C62BDE1B80670400040A39 /* MICO_MQTT_demoTests.m in Sources */ = {isa = PBXBuildFile; fileRef = D9C62BDD1B80670400040A39 /* MICO_MQTT_demoTests.m */; };
/* End PBXBuildFile section */

/* Begin PBXContainerItemProxy section */
		D9C62BD81B80670400040A39 /* PBXContainerItemProxy */ = {
			isa = PBXContainerItemProxy;
			containerPortal = D9C62BB61B80670400040A39 /* Project object */;
			proxyType = 1;
			remoteGlobalIDString = D9C62BBD1B80670400040A39;
			remoteInfo = MICO_MQTT_demo;
		};
/* End PBXContainerItemProxy section */

/* Begin PBXFileReference section */
		D9C15BD31B81B19F001A5789 /* config.h */ = {isa = PBXFileReference; fileEncoding = 4; lastKnownFileType = sourcecode.c.h; path = config.h; sourceTree = "<group>"; };
		D9C15BD41B81B19F001A5789 /* dummypthread.h */ = {isa = PBXFileReference; fileEncoding = 4; lastKnownFileType = sourcecode.c.h; path = dummypthread.h; sourceTree = "<group>"; };
		D9C15BD51B81B19F001A5789 /* logging_mosq.c */ = {isa = PBXFileReference; fileEncoding = 4; lastKnownFileType = sourcecode.c.c; path = logging_mosq.c; sourceTree = "<group>"; };
		D9C15BD61B81B19F001A5789 /* logging_mosq.h */ = {isa = PBXFileReference; fileEncoding = 4; lastKnownFileType = sourcecode.c.h; path = logging_mosq.h; sourceTree = "<group>"; };
		D9C15BD71B81B19F001A5789 /* memory_mosq.c */ = {isa = PBXFileReference; fileEncoding = 4; lastKnownFileType = sourcecode.c.c; path = memory_mosq.c; sourceTree = "<group>"; };
		D9C15BD81B81B19F001A5789 /* memory_mosq.h */ = {isa = PBXFileReference; fileEncoding = 4; lastKnownFileType = sourcecode.c.h; path = memory_mosq.h; sourceTree = "<group>"; };
		D9C15BD91B81B19F001A5789 /* messages_mosq.c */ = {isa = PBXFileReference; fileEncoding = 4; lastKnownFileType = sourcecode.c.c; path = messages_mosq.c; sourceTree = "<group>"; };
		D9C15BDA1B81B19F001A5789 /* messages_mosq.h */ = {isa = PBXFileReference; fileEncoding = 4; lastKnownFileType = sourcecode.c.h; path = messages_mosq.h; sourceTree = "<group>"; };
		D9C15BDE1B81B19F001A5789 /* mosquitto.c */ = {isa = PBXFileReference; fileEncoding = 4; lastKnownFileType = sourcecode.c.c; path = mosquitto.c; sourceTree = "<group>"; };
		D9C15BDF1B81B19F001A5789 /* mosquitto.h */ = {isa = PBXFileReference; fileEncoding = 4; lastKnownFileType = sourcecode.c.h; path = mosquitto.h; sourceTree = "<group>"; };
		D9C15BE01B81B19F001A5789 /* mosquitto_internal.h */ = {isa = PBXFileReference; fileEncoding = 4; lastKnownFileType = sourcecode.c.h; path = mosquitto_internal.h; sourceTree = "<group>"; };
		D9C15BE11B81B19F001A5789 /* mqtt3_protocol.h */ = {isa = PBXFileReference; fileEncoding = 4; lastKnownFileType = sourcecode.c.h; path = mqtt3_protocol.h; sourceTree = "<group>"; };
		D9C15BE21B81B19F001A5789 /* net_mosq.c */ = {isa = PBXFileReference; fileEncoding = 4; lastKnownFileType = sourcecode.c.c; path = net_mosq.c; sourceTree = "<group>"; };
		D9C15BE31B81B19F001A5789 /* net_mosq.h */ = {isa = PBXFileReference; fileEncoding = 4; lastKnownFileType = sourcecode.c.h; path = net_mosq.h; sourceTree = "<group>"; };
		D9C15BE41B81B19F001A5789 /* read_handle.c */ = {isa = PBXFileReference; fileEncoding = 4; lastKnownFileType = sourcecode.c.c; path = read_handle.c; sourceTree = "<group>"; };
		D9C15BE51B81B19F001A5789 /* read_handle.h */ = {isa = PBXFileReference; fileEncoding = 4; lastKnownFileType = sourcecode.c.h; path = read_handle.h; sourceTree = "<group>"; };
		D9C15BE61B81B19F001A5789 /* read_handle_client.c */ = {isa = PBXFileReference; fileEncoding = 4; lastKnownFileType = sourcecode.c.c; path = read_handle_client.c; sourceTree = "<group>"; };
		D9C15BE71B81B19F001A5789 /* read_handle_shared.c */ = {isa = PBXFileReference; fileEncoding = 4; lastKnownFileType = sourcecode.c.c; path = read_handle_shared.c; sourceTree = "<group>"; };
		D9C15BE81B81B19F001A5789 /* send_client_mosq.c */ = {isa = PBXFileReference; fileEncoding = 4; lastKnownFileType = sourcecode.c.c; path = send_client_mosq.c; sourceTree = "<group>"; };
		D9C15BE91B81B19F001A5789 /* send_mosq.c */ = {isa = PBXFileReference; fileEncoding = 4; lastKnownFileType = sourcecode.c.c; path = send_mosq.c; sourceTree = "<group>"; };
		D9C15BEA1B81B19F001A5789 /* send_mosq.h */ = {isa = PBXFileReference; fileEncoding = 4; lastKnownFileType = sourcecode.c.h; path = send_mosq.h; sourceTree = "<group>"; };
		D9C15BEB1B81B19F001A5789 /* thread_mosq.c */ = {isa = PBXFileReference; fileEncoding = 4; lastKnownFileType = sourcecode.c.c; path = thread_mosq.c; sourceTree = "<group>"; };
		D9C15BEC1B81B19F001A5789 /* time_mosq.c */ = {isa = PBXFileReference; fileEncoding = 4; lastKnownFileType = sourcecode.c.c; path = time_mosq.c; sourceTree = "<group>"; };
		D9C15BED1B81B19F001A5789 /* time_mosq.h */ = {isa = PBXFileReference; fileEncoding = 4; lastKnownFileType = sourcecode.c.h; path = time_mosq.h; sourceTree = "<group>"; };
		D9C15BEE1B81B19F001A5789 /* tls_mosq.c */ = {isa = PBXFileReference; fileEncoding = 4; lastKnownFileType = sourcecode.c.c; path = tls_mosq.c; sourceTree = "<group>"; };
		D9C15BEF1B81B19F001A5789 /* tls_mosq.h */ = {isa = PBXFileReference; fileEncoding = 4; lastKnownFileType = sourcecode.c.h; path = tls_mosq.h; sourceTree = "<group>"; };
		D9C15BF01B81B19F001A5789 /* util_mosq.c */ = {isa = PBXFileReference; fileEncoding = 4; lastKnownFileType = sourcecode.c.c; path = util_mosq.c; sourceTree = "<group>"; };
		D9C15BF11B81B19F001A5789 /* util_mosq.h */ = {isa = PBXFileReference; fileEncoding = 4; lastKnownFileType = sourcecode.c.h; path = util_mosq.h; sourceTree = "<group>"; };
		D9C15BF21B81B19F001A5789 /* will_mosq.c */ = {isa = PBXFileReference; fileEncoding = 4; lastKnownFileType = sourcecode.c.c; path = will_mosq.c; sourceTree = "<group>"; };
		D9C15BF31B81B19F001A5789 /* will_mosq.h */ = {isa = PBXFileReference; fileEncoding = 4; lastKnownFileType = sourcecode.c.h; path = will_mosq.h; sourceTree = "<group>"; };
		D9C15BF51B81B19F001A5789 /* MICO_MQTT_API.h */ = {isa = PBXFileReference; fileEncoding = 4; lastKnownFileType = sourcecode.c.h; path = MICO_MQTT_API.h; sourceTree = "<group>"; };
		D9C15BF61B81B19F001A5789 /* MICO_MQTT_API.m */ = {isa = PBXFileReference; fileEncoding = 4; lastKnownFileType = sourcecode.c.objc; path = MICO_MQTT_API.m; sourceTree = "<group>"; };
		D9C15BF81B81B19F001A5789 /* MQTTKit.h */ = {isa = PBXFileReference; fileEncoding = 4; lastKnownFileType = sourcecode.c.h; path = MQTTKit.h; sourceTree = "<group>"; };
		D9C15BF91B81B19F001A5789 /* MQTTKit.m */ = {isa = PBXFileReference; fileEncoding = 4; lastKnownFileType = sourcecode.c.objc; path = MQTTKit.m; sourceTree = "<group>"; };
		D9C62BBE1B80670400040A39 /* MICO_MQTT_demo.app */ = {isa = PBXFileReference; explicitFileType = wrapper.application; includeInIndex = 0; path = MICO_MQTT_demo.app; sourceTree = BUILT_PRODUCTS_DIR; };
		D9C62BC21B80670400040A39 /* Info.plist */ = {isa = PBXFileReference; lastKnownFileType = text.plist.xml; path = Info.plist; sourceTree = "<group>"; };
		D9C62BC31B80670400040A39 /* main.m */ = {isa = PBXFileReference; lastKnownFileType = sourcecode.c.objc; path = main.m; sourceTree = "<group>"; };
		D9C62BC51B80670400040A39 /* AppDelegate.h */ = {isa = PBXFileReference; lastKnownFileType = sourcecode.c.h; path = AppDelegate.h; sourceTree = "<group>"; };
		D9C62BC61B80670400040A39 /* AppDelegate.m */ = {isa = PBXFileReference; lastKnownFileType = sourcecode.c.objc; path = AppDelegate.m; sourceTree = "<group>"; };
		D9C62BC81B80670400040A39 /* ViewController.h */ = {isa = PBXFileReference; lastKnownFileType = sourcecode.c.h; path = ViewController.h; sourceTree = "<group>"; };
		D9C62BC91B80670400040A39 /* ViewController.m */ = {isa = PBXFileReference; lastKnownFileType = sourcecode.c.objc; path = ViewController.m; sourceTree = "<group>"; };
		D9C62BCC1B80670400040A39 /* Base */ = {isa = PBXFileReference; lastKnownFileType = file.storyboard; name = Base; path = Base.lproj/Main.storyboard; sourceTree = "<group>"; };
		D9C62BCE1B80670400040A39 /* Images.xcassets */ = {isa = PBXFileReference; lastKnownFileType = folder.assetcatalog; path = Images.xcassets; sourceTree = "<group>"; };
		D9C62BD11B80670400040A39 /* Base */ = {isa = PBXFileReference; lastKnownFileType = file.xib; name = Base; path = Base.lproj/LaunchScreen.xib; sourceTree = "<group>"; };
		D9C62BD71B80670400040A39 /* MICO_MQTT_demoTests.xctest */ = {isa = PBXFileReference; explicitFileType = wrapper.cfbundle; includeInIndex = 0; path = MICO_MQTT_demoTests.xctest; sourceTree = BUILT_PRODUCTS_DIR; };
		D9C62BDC1B80670400040A39 /* Info.plist */ = {isa = PBXFileReference; lastKnownFileType = text.plist.xml; path = Info.plist; sourceTree = "<group>"; };
		D9C62BDD1B80670400040A39 /* MICO_MQTT_demoTests.m */ = {isa = PBXFileReference; lastKnownFileType = sourcecode.c.objc; path = MICO_MQTT_demoTests.m; sourceTree = "<group>"; };
/* End PBXFileReference section */

/* Begin PBXFrameworksBuildPhase section */
		D9C62BBB1B80670400040A39 /* Frameworks */ = {
			isa = PBXFrameworksBuildPhase;
			buildActionMask = 2147483647;
			files = (
			);
			runOnlyForDeploymentPostprocessing = 0;
		};
		D9C62BD41B80670400040A39 /* Frameworks */ = {
			isa = PBXFrameworksBuildPhase;
			buildActionMask = 2147483647;
			files = (
			);
			runOnlyForDeploymentPostprocessing = 0;
		};
/* End PBXFrameworksBuildPhase section */

/* Begin PBXGroup section */
		D9C15BD11B81B19F001A5789 /* MICO_MQTT_SDK */ = {
			isa = PBXGroup;
			children = (
				D9C15BD21B81B19F001A5789 /* libmosquitto */,
				D9C15BF41B81B19F001A5789 /* MICO_MQTT_API */,
				D9C15BF71B81B19F001A5789 /* MQTTKit */,
			);
			path = MICO_MQTT_SDK;
			sourceTree = "<group>";
		};
		D9C15BD21B81B19F001A5789 /* libmosquitto */ = {
			isa = PBXGroup;
			children = (
				D9C15BD31B81B19F001A5789 /* config.h */,
				D9C15BD41B81B19F001A5789 /* dummypthread.h */,
				D9C15BD51B81B19F001A5789 /* logging_mosq.c */,
				D9C15BD61B81B19F001A5789 /* logging_mosq.h */,
				D9C15BD71B81B19F001A5789 /* memory_mosq.c */,
				D9C15BD81B81B19F001A5789 /* memory_mosq.h */,
				D9C15BD91B81B19F001A5789 /* messages_mosq.c */,
				D9C15BDA1B81B19F001A5789 /* messages_mosq.h */,
				D9C15BDE1B81B19F001A5789 /* mosquitto.c */,
				D9C15BDF1B81B19F001A5789 /* mosquitto.h */,
				D9C15BE01B81B19F001A5789 /* mosquitto_internal.h */,
				D9C15BE11B81B19F001A5789 /* mqtt3_protocol.h */,
				D9C15BE21B81B19F001A5789 /* net_mosq.c */,
				D9C15BE31B81B19F001A5789 /* net_mosq.h */,
				D9C15BE41B81B19F001A5789 /* read_handle.c */,
				D9C15BE51B81B19F001A5789 /* read_handle.h */,
				D9C15BE61B81B19F001A5789 /* read_handle_client.c */,
				D9C15BE71B81B19F001A5789 /* read_handle_shared.c */,
				D9C15BE81B81B19F001A5789 /* send_client_mosq.c */,
				D9C15BE91B81B19F001A5789 /* send_mosq.c */,
				D9C15BEA1B81B19F001A5789 /* send_mosq.h */,
				D9C15BEB1B81B19F001A5789 /* thread_mosq.c */,
				D9C15BEC1B81B19F001A5789 /* time_mosq.c */,
				D9C15BED1B81B19F001A5789 /* time_mosq.h */,
				D9C15BEE1B81B19F001A5789 /* tls_mosq.c */,
				D9C15BEF1B81B19F001A5789 /* tls_mosq.h */,
				D9C15BF01B81B19F001A5789 /* util_mosq.c */,
				D9C15BF11B81B19F001A5789 /* util_mosq.h */,
				D9C15BF21B81B19F001A5789 /* will_mosq.c */,
				D9C15BF31B81B19F001A5789 /* will_mosq.h */,
			);
			path = libmosquitto;
			sourceTree = "<group>";
		};
		D9C15BF41B81B19F001A5789 /* MICO_MQTT_API */ = {
			isa = PBXGroup;
			children = (
				D9C15BF51B81B19F001A5789 /* MICO_MQTT_API.h */,
				D9C15BF61B81B19F001A5789 /* MICO_MQTT_API.m */,
			);
			path = MICO_MQTT_API;
			sourceTree = "<group>";
		};
		D9C15BF71B81B19F001A5789 /* MQTTKit */ = {
			isa = PBXGroup;
			children = (
				D9C15BF81B81B19F001A5789 /* MQTTKit.h */,
				D9C15BF91B81B19F001A5789 /* MQTTKit.m */,
			);
			path = MQTTKit;
			sourceTree = "<group>";
		};
		D9C62BB51B80670400040A39 = {
			isa = PBXGroup;
			children = (
				D9C62BC01B80670400040A39 /* MICO_MQTT_demo */,
				D9C62BDA1B80670400040A39 /* MICO_MQTT_demoTests */,
				D9C62BBF1B80670400040A39 /* Products */,
			);
			sourceTree = "<group>";
		};
		D9C62BBF1B80670400040A39 /* Products */ = {
			isa = PBXGroup;
			children = (
				D9C62BBE1B80670400040A39 /* MICO_MQTT_demo.app */,
				D9C62BD71B80670400040A39 /* MICO_MQTT_demoTests.xctest */,
			);
			name = Products;
			sourceTree = "<group>";
		};
		D9C62BC01B80670400040A39 /* MICO_MQTT_demo */ = {
			isa = PBXGroup;
			children = (
				D9C15BD11B81B19F001A5789 /* MICO_MQTT_SDK */,
				D9C62BC51B80670400040A39 /* AppDelegate.h */,
				D9C62BC61B80670400040A39 /* AppDelegate.m */,
				D9C62BC81B80670400040A39 /* ViewController.h */,
				D9C62BC91B80670400040A39 /* ViewController.m */,
				D9C62BCB1B80670400040A39 /* Main.storyboard */,
				D9C62BCE1B80670400040A39 /* Images.xcassets */,
				D9C62BD01B80670400040A39 /* LaunchScreen.xib */,
				D9C62BC11B80670400040A39 /* Supporting Files */,
			);
			path = MICO_MQTT_demo;
			sourceTree = "<group>";
		};
		D9C62BC11B80670400040A39 /* Supporting Files */ = {
			isa = PBXGroup;
			children = (
				D9C62BC21B80670400040A39 /* Info.plist */,
				D9C62BC31B80670400040A39 /* main.m */,
			);
			name = "Supporting Files";
			sourceTree = "<group>";
		};
		D9C62BDA1B80670400040A39 /* MICO_MQTT_demoTests */ = {
			isa = PBXGroup;
			children = (
				D9C62BDD1B80670400040A39 /* MICO_MQTT_demoTests.m */,
				D9C62BDB1B80670400040A39 /* Supporting Files */,
			);
			path = MICO_MQTT_demoTests;
			sourceTree = "<group>";
		};
		D9C62BDB1B80670400040A39 /* Supporting Files */ = {
			isa = PBXGroup;
			children = (
				D9C62BDC1B80670400040A39 /* Info.plist */,
			);
			name = "Supporting Files";
			sourceTree = "<group>";
		};
/* End PBXGroup section */

/* Begin PBXNativeTarget section */
		D9C62BBD1B80670400040A39 /* MICO_MQTT_demo */ = {
			isa = PBXNativeTarget;
			buildConfigurationList = D9C62BE11B80670400040A39 /* Build configuration list for PBXNativeTarget "MICO_MQTT_demo" */;
			buildPhases = (
				D9C62BBA1B80670400040A39 /* Sources */,
				D9C62BBB1B80670400040A39 /* Frameworks */,
				D9C62BBC1B80670400040A39 /* Resources */,
			);
			buildRules = (
			);
			dependencies = (
			);
			name = MICO_MQTT_demo;
			productName = MICO_MQTT_demo;
			productReference = D9C62BBE1B80670400040A39 /* MICO_MQTT_demo.app */;
			productType = "com.apple.product-type.application";
		};
		D9C62BD61B80670400040A39 /* MICO_MQTT_demoTests */ = {
			isa = PBXNativeTarget;
			buildConfigurationList = D9C62BE41B80670400040A39 /* Build configuration list for PBXNativeTarget "MICO_MQTT_demoTests" */;
			buildPhases = (
				D9C62BD31B80670400040A39 /* Sources */,
				D9C62BD41B80670400040A39 /* Frameworks */,
				D9C62BD51B80670400040A39 /* Resources */,
			);
			buildRules = (
			);
			dependencies = (
				D9C62BD91B80670400040A39 /* PBXTargetDependency */,
			);
			name = MICO_MQTT_demoTests;
			productName = MICO_MQTT_demoTests;
			productReference = D9C62BD71B80670400040A39 /* MICO_MQTT_demoTests.xctest */;
			productType = "com.apple.product-type.bundle.unit-test";
		};
/* End PBXNativeTarget section */

/* Begin PBXProject section */
		D9C62BB61B80670400040A39 /* Project object */ = {
			isa = PBXProject;
			attributes = {
				LastUpgradeCheck = 0640;
				ORGANIZATIONNAME = mxchip;
				TargetAttributes = {
					D9C62BBD1B80670400040A39 = {
						CreatedOnToolsVersion = 6.4;
					};
					D9C62BD61B80670400040A39 = {
						CreatedOnToolsVersion = 6.4;
						TestTargetID = D9C62BBD1B80670400040A39;
					};
				};
			};
			buildConfigurationList = D9C62BB91B80670400040A39 /* Build configuration list for PBXProject "MICO_MQTT_demo" */;
			compatibilityVersion = "Xcode 3.2";
			developmentRegion = English;
			hasScannedForEncodings = 0;
			knownRegions = (
				en,
				Base,
			);
			mainGroup = D9C62BB51B80670400040A39;
			productRefGroup = D9C62BBF1B80670400040A39 /* Products */;
			projectDirPath = "";
			projectRoot = "";
			targets = (
				D9C62BBD1B80670400040A39 /* MICO_MQTT_demo */,
				D9C62BD61B80670400040A39 /* MICO_MQTT_demoTests */,
			);
		};
/* End PBXProject section */

/* Begin PBXResourcesBuildPhase section */
		D9C62BBC1B80670400040A39 /* Resources */ = {
			isa = PBXResourcesBuildPhase;
			buildActionMask = 2147483647;
			files = (
				D9C62BCD1B80670400040A39 /* Main.storyboard in Resources */,
				D9C62BD21B80670400040A39 /* LaunchScreen.xib in Resources */,
				D9C62BCF1B80670400040A39 /* Images.xcassets in Resources */,
			);
			runOnlyForDeploymentPostprocessing = 0;
		};
		D9C62BD51B80670400040A39 /* Resources */ = {
			isa = PBXResourcesBuildPhase;
			buildActionMask = 2147483647;
			files = (
			);
			runOnlyForDeploymentPostprocessing = 0;
		};
/* End PBXResourcesBuildPhase section */

/* Begin PBXSourcesBuildPhase section */
		D9C62BBA1B80670400040A39 /* Sources */ = {
			isa = PBXSourcesBuildPhase;
			buildActionMask = 2147483647;
			files = (
				D9C15C071B81B19F001A5789 /* tls_mosq.c in Sources */,
				D9C15C041B81B19F001A5789 /* send_mosq.c in Sources */,
				D9C15BFC1B81B19F001A5789 /* messages_mosq.c in Sources */,
				D9C15BFB1B81B19F001A5789 /* memory_mosq.c in Sources */,
				D9C15C0A1B81B19F001A5789 /* MICO_MQTT_API.m in Sources */,
				D9C15C091B81B19F001A5789 /* will_mosq.c in Sources */,
				D9C62BCA1B80670400040A39 /* ViewController.m in Sources */,
				D9C15C011B81B19F001A5789 /* read_handle_client.c in Sources */,
				D9C15BFE1B81B19F001A5789 /* mosquitto.c in Sources */,
				D9C62BC71B80670400040A39 /* AppDelegate.m in Sources */,
				D9C15BFA1B81B19F001A5789 /* logging_mosq.c in Sources */,
				D9C15C021B81B19F001A5789 /* read_handle_shared.c in Sources */,
				D9C15C051B81B19F001A5789 /* thread_mosq.c in Sources */,
				D9C15C0B1B81B19F001A5789 /* MQTTKit.m in Sources */,
				D9C15BFF1B81B19F001A5789 /* net_mosq.c in Sources */,
				D9C15C081B81B19F001A5789 /* util_mosq.c in Sources */,
				D9C15C001B81B19F001A5789 /* read_handle.c in Sources */,
				D9C15C031B81B19F001A5789 /* send_client_mosq.c in Sources */,
				D9C15C061B81B19F001A5789 /* time_mosq.c in Sources */,
				D9C62BC41B80670400040A39 /* main.m in Sources */,
			);
			runOnlyForDeploymentPostprocessing = 0;
		};
		D9C62BD31B80670400040A39 /* Sources */ = {
			isa = PBXSourcesBuildPhase;
			buildActionMask = 2147483647;
			files = (
				D9C62BDE1B80670400040A39 /* MICO_MQTT_demoTests.m in Sources */,
			);
			runOnlyForDeploymentPostprocessing = 0;
		};
/* End PBXSourcesBuildPhase section */

/* Begin PBXTargetDependency section */
		D9C62BD91B80670400040A39 /* PBXTargetDependency */ = {
			isa = PBXTargetDependency;
			target = D9C62BBD1B80670400040A39 /* MICO_MQTT_demo */;
			targetProxy = D9C62BD81B80670400040A39 /* PBXContainerItemProxy */;
		};
/* End PBXTargetDependency section */

/* Begin PBXVariantGroup section */
		D9C62BCB1B80670400040A39 /* Main.storyboard */ = {
			isa = PBXVariantGroup;
			children = (
				D9C62BCC1B80670400040A39 /* Base */,
			);
			name = Main.storyboard;
			sourceTree = "<group>";
		};
		D9C62BD01B80670400040A39 /* LaunchScreen.xib */ = {
			isa = PBXVariantGroup;
			children = (
				D9C62BD11B80670400040A39 /* Base */,
			);
			name = LaunchScreen.xib;
			sourceTree = "<group>";
		};
/* End PBXVariantGroup section */

/* Begin XCBuildConfiguration section */
		D9C62BDF1B80670400040A39 /* Debug */ = {
			isa = XCBuildConfiguration;
			buildSettings = {
				ALWAYS_SEARCH_USER_PATHS = NO;
				CLANG_CXX_LANGUAGE_STANDARD = "gnu++0x";
				CLANG_CXX_LIBRARY = "libc++";
				CLANG_ENABLE_MODULES = YES;
				CLANG_ENABLE_OBJC_ARC = YES;
				CLANG_WARN_BOOL_CONVERSION = YES;
				CLANG_WARN_CONSTANT_CONVERSION = YES;
				CLANG_WARN_DIRECT_OBJC_ISA_USAGE = YES_ERROR;
				CLANG_WARN_EMPTY_BODY = YES;
				CLANG_WARN_ENUM_CONVERSION = YES;
				CLANG_WARN_INT_CONVERSION = YES;
				CLANG_WARN_OBJC_ROOT_CLASS = YES_ERROR;
				CLANG_WARN_UNREACHABLE_CODE = YES;
				CLANG_WARN__DUPLICATE_METHOD_MATCH = YES;
				"CODE_SIGN_IDENTITY[sdk=iphoneos*]" = "iPhone Developer";
				COPY_PHASE_STRIP = NO;
				DEBUG_INFORMATION_FORMAT = "dwarf-with-dsym";
				ENABLE_STRICT_OBJC_MSGSEND = YES;
				GCC_C_LANGUAGE_STANDARD = gnu99;
				GCC_DYNAMIC_NO_PIC = NO;
				GCC_NO_COMMON_BLOCKS = YES;
				GCC_OPTIMIZATION_LEVEL = 0;
				GCC_PREPROCESSOR_DEFINITIONS = (
					"DEBUG=1",
					"$(inherited)",
				);
				GCC_SYMBOLS_PRIVATE_EXTERN = NO;
				GCC_WARN_64_TO_32_BIT_CONVERSION = YES;
				GCC_WARN_ABOUT_RETURN_TYPE = YES_ERROR;
				GCC_WARN_UNDECLARED_SELECTOR = YES;
				GCC_WARN_UNINITIALIZED_AUTOS = YES_AGGRESSIVE;
				GCC_WARN_UNUSED_FUNCTION = YES;
				GCC_WARN_UNUSED_VARIABLE = YES;
				IPHONEOS_DEPLOYMENT_TARGET = 8.4;
				MTL_ENABLE_DEBUG_INFO = YES;
				ONLY_ACTIVE_ARCH = YES;
				SDKROOT = iphoneos;
			};
			name = Debug;
		};
		D9C62BE01B80670400040A39 /* Release */ = {
			isa = XCBuildConfiguration;
			buildSettings = {
				ALWAYS_SEARCH_USER_PATHS = NO;
				CLANG_CXX_LANGUAGE_STANDARD = "gnu++0x";
				CLANG_CXX_LIBRARY = "libc++";
				CLANG_ENABLE_MODULES = YES;
				CLANG_ENABLE_OBJC_ARC = YES;
				CLANG_WARN_BOOL_CONVERSION = YES;
				CLANG_WARN_CONSTANT_CONVERSION = YES;
				CLANG_WARN_DIRECT_OBJC_ISA_USAGE = YES_ERROR;
				CLANG_WARN_EMPTY_BODY = YES;
				CLANG_WARN_ENUM_CONVERSION = YES;
				CLANG_WARN_INT_CONVERSION = YES;
				CLANG_WARN_OBJC_ROOT_CLASS = YES_ERROR;
				CLANG_WARN_UNREACHABLE_CODE = YES;
				CLANG_WARN__DUPLICATE_METHOD_MATCH = YES;
				"CODE_SIGN_IDENTITY[sdk=iphoneos*]" = "iPhone Developer";
				COPY_PHASE_STRIP = NO;
				DEBUG_INFORMATION_FORMAT = "dwarf-with-dsym";
				ENABLE_NS_ASSERTIONS = NO;
				ENABLE_STRICT_OBJC_MSGSEND = YES;
				GCC_C_LANGUAGE_STANDARD = gnu99;
				GCC_NO_COMMON_BLOCKS = YES;
				GCC_WARN_64_TO_32_BIT_CONVERSION = YES;
				GCC_WARN_ABOUT_RETURN_TYPE = YES_ERROR;
				GCC_WARN_UNDECLARED_SELECTOR = YES;
				GCC_WARN_UNINITIALIZED_AUTOS = YES_AGGRESSIVE;
				GCC_WARN_UNUSED_FUNCTION = YES;
				GCC_WARN_UNUSED_VARIABLE = YES;
				IPHONEOS_DEPLOYMENT_TARGET = 8.4;
				MTL_ENABLE_DEBUG_INFO = NO;
				SDKROOT = iphoneos;
				VALIDATE_PRODUCT = YES;
			};
			name = Release;
		};
		D9C62BE21B80670400040A39 /* Debug */ = {
			isa = XCBuildConfiguration;
			buildSettings = {
				ASSETCATALOG_COMPILER_APPICON_NAME = AppIcon;
				INFOPLIST_FILE = MICO_MQTT_demo/Info.plist;
				LD_RUNPATH_SEARCH_PATHS = "$(inherited) @executable_path/Frameworks";
				PRODUCT_NAME = "$(TARGET_NAME)";
			};
			name = Debug;
		};
		D9C62BE31B80670400040A39 /* Release */ = {
			isa = XCBuildConfiguration;
			buildSettings = {
				ASSETCATALOG_COMPILER_APPICON_NAME = AppIcon;
				INFOPLIST_FILE = MICO_MQTT_demo/Info.plist;
				LD_RUNPATH_SEARCH_PATHS = "$(inherited) @executable_path/Frameworks";
				PRODUCT_NAME = "$(TARGET_NAME)";
			};
			name = Release;
		};
		D9C62BE51B80670400040A39 /* Debug */ = {
			isa = XCBuildConfiguration;
			buildSettings = {
				BUNDLE_LOADER = "$(TEST_HOST)";
				FRAMEWORK_SEARCH_PATHS = (
					"$(SDKROOT)/Developer/Library/Frameworks",
					"$(inherited)",
				);
				GCC_PREPROCESSOR_DEFINITIONS = (
					"DEBUG=1",
					"$(inherited)",
				);
				INFOPLIST_FILE = MICO_MQTT_demoTests/Info.plist;
				LD_RUNPATH_SEARCH_PATHS = "$(inherited) @executable_path/Frameworks @loader_path/Frameworks";
				PRODUCT_NAME = "$(TARGET_NAME)";
				TEST_HOST = "$(BUILT_PRODUCTS_DIR)/MICO_MQTT_demo.app/MICO_MQTT_demo";
			};
			name = Debug;
		};
		D9C62BE61B80670400040A39 /* Release */ = {
			isa = XCBuildConfiguration;
			buildSettings = {
				BUNDLE_LOADER = "$(TEST_HOST)";
				FRAMEWORK_SEARCH_PATHS = (
					"$(SDKROOT)/Developer/Library/Frameworks",
					"$(inherited)",
				);
				INFOPLIST_FILE = MICO_MQTT_demoTests/Info.plist;
				LD_RUNPATH_SEARCH_PATHS = "$(inherited) @executable_path/Frameworks @loader_path/Frameworks";
				PRODUCT_NAME = "$(TARGET_NAME)";
				TEST_HOST = "$(BUILT_PRODUCTS_DIR)/MICO_MQTT_demo.app/MICO_MQTT_demo";
			};
			name = Release;
		};
/* End XCBuildConfiguration section */

/* Begin XCConfigurationList section */
		D9C62BB91B80670400040A39 /* Build configuration list for PBXProject "MICO_MQTT_demo" */ = {
			isa = XCConfigurationList;
			buildConfigurations = (
				D9C62BDF1B80670400040A39 /* Debug */,
				D9C62BE01B80670400040A39 /* Release */,
			);
			defaultConfigurationIsVisible = 0;
			defaultConfigurationName = Release;
		};
		D9C62BE11B80670400040A39 /* Build configuration list for PBXNativeTarget "MICO_MQTT_demo" */ = {
			isa = XCConfigurationList;
			buildConfigurations = (
				D9C62BE21B80670400040A39 /* Debug */,
				D9C62BE31B80670400040A39 /* Release */,
			);
			defaultConfigurationIsVisible = 0;
			defaultConfigurationName = Release;
		};
		D9C62BE41B80670400040A39 /* Build configuration list for PBXNativeTarget "MICO_MQTT_demoTests" */ = {
			isa = XCConfigurationList;
			buildConfigurations = (
				D9C62BE51B80670400040A39 /* Debug */,
				D9C62BE61B80670400040A39 /* Release */,
			);
			defaultConfigurationIsVisible = 0;
			defaultConfigurationName = Release;
		};
/* End XCConfigurationList section */
	};
	rootObject = D9C62BB61B80670400040A39 /* Project object */;
}
